
Microsoft Visual Studio Solution File, Format Version 12.00
# Visual Studio Version 17
VisualStudioVersion = 17.3.32825.248
MinimumVisualStudioVersion = 10.0.40219.1
Project("{FAE04EC0-301F-11D3-BF4B-00C04F79EFBC}") = "mysqlConnection", "mysqlConnection\mysqlConnection.csproj", "{AFFCBFAE-54B1-45F2-A89F-2BB18C9E45AA}"
EndProject
Global
	GlobalSection(SolutionConfigurationPlatforms) = preSolution
		Debug|Any CPU = Debug|Any CPU
		Release|Any CPU = Release|Any CPU
	EndGlobalSection
	GlobalSection(ProjectConfigurationPlatforms) = postSolution
		{AFFCBFAE-54B1-45F2-A89F-2BB18C9E45AA}.Debug|Any CPU.ActiveCfg = Debug|Any CPU
		{AFFCBFAE-54B1-45F2-A89F-2BB18C9E45AA}.Debug|Any CPU.Build.0 = Debug|Any CPU
		{AFFCBFAE-54B1-45F2-A89F-2BB18C9E45AA}.Release|Any CPU.ActiveCfg = Release|Any CPU
		{AFFCBFAE-54B1-45F2-A89F-2BB18C9E45AA}.Release|Any CPU.Build.0 = Release|Any CPU
	EndGlobalSection
	GlobalSection(SolutionProperties) = preSolution
		HideSolutionNode = FALSE
	EndGlobalSection
	GlobalSection(ExtensibilityGlobals) = postSolution
		SolutionGuid = {14AE5257-035A-4A14-B471-90A1E013D7A9}
	EndGlobalSection
EndGlobal
